
Microsoft Visual Studio Solution File, Format Version 12.00
# Visual Studio 14
VisualStudioVersion = 14.0.25420.1
MinimumVisualStudioVersion = 10.0.40219.1
Project("{2150E333-8FDC-42A3-9474-1A3956D46DE8}") = "src", "src", "{1594C6CF-A4AC-493E-B2EF-A1C6AD1B3F73}"
EndProject
Project("{2150E333-8FDC-42A3-9474-1A3956D46DE8}") = "Solution Items", "Solution Items", "{802389A5-9DBB-41FE-9089-41B4DD944EF6}"
	ProjectSection(SolutionItems) = preProject
		global.json = global.json
	EndProjectSection
EndProject
Project("{8BB2217D-0F2D-49D1-97BC-3654ED321F3B}") = "Cosmos.Core", "src\Cosmos.Core\Cosmos.Core.xproj", "{6F99EF9F-D295-44F4-8D13-30C9C7969B7A}"
EndProject
Project("{2150E333-8FDC-42A3-9474-1A3956D46DE8}") = "test", "test", "{83697102-07D1-4797-8DB5-1E1E7AE39778}"
EndProject
Project("{8BB2217D-0F2D-49D1-97BC-3654ED321F3B}") = "Cosmos.Core.Tests", "test\Cosmos.Core.Tests\Cosmos.Core.Tests.xproj", "{0D2E5C21-7E1E-4DBB-86DA-6D74C4FD3A65}"
EndProject
Global
	GlobalSection(SolutionConfigurationPlatforms) = preSolution
		Debug|Any CPU = Debug|Any CPU
		Release|Any CPU = Release|Any CPU
	EndGlobalSection
	GlobalSection(ProjectConfigurationPlatforms) = postSolution
		{6F99EF9F-D295-44F4-8D13-30C9C7969B7A}.Debug|Any CPU.ActiveCfg = Debug|Any CPU
		{6F99EF9F-D295-44F4-8D13-30C9C7969B7A}.Debug|Any CPU.Build.0 = Debug|Any CPU
		{6F99EF9F-D295-44F4-8D13-30C9C7969B7A}.Release|Any CPU.ActiveCfg = Release|Any CPU
		{6F99EF9F-D295-44F4-8D13-30C9C7969B7A}.Release|Any CPU.Build.0 = Release|Any CPU
		{0D2E5C21-7E1E-4DBB-86DA-6D74C4FD3A65}.Debug|Any CPU.ActiveCfg = Debug|Any CPU
		{0D2E5C21-7E1E-4DBB-86DA-6D74C4FD3A65}.Debug|Any CPU.Build.0 = Debug|Any CPU
		{0D2E5C21-7E1E-4DBB-86DA-6D74C4FD3A65}.Release|Any CPU.ActiveCfg = Release|Any CPU
		{0D2E5C21-7E1E-4DBB-86DA-6D74C4FD3A65}.Release|Any CPU.Build.0 = Release|Any CPU
	EndGlobalSection
	GlobalSection(SolutionProperties) = preSolution
		HideSolutionNode = FALSE
	EndGlobalSection
	GlobalSection(NestedProjects) = preSolution
		{6F99EF9F-D295-44F4-8D13-30C9C7969B7A} = {1594C6CF-A4AC-493E-B2EF-A1C6AD1B3F73}
		{0D2E5C21-7E1E-4DBB-86DA-6D74C4FD3A65} = {83697102-07D1-4797-8DB5-1E1E7AE39778}
	EndGlobalSection
EndGlobal
