
Microsoft Visual Studio Solution File, Format Version 12.00
Project("{FAE04EC0-301F-11D3-BF4B-00C04F79EFBC}") = "Cosmos.Encryption", "src\Cosmos.Encryption\Cosmos.Encryption.csproj", "{27C23A57-2C63-4C51-A102-A20A7A4D2016}"
EndProject
Project("{2150E333-8FDC-42A3-9474-1A3956D46DE8}") = "src", "src", "{FCC067FE-90F6-4E55-8169-7D6982B52A8A}"
EndProject
Global
	GlobalSection(SolutionConfigurationPlatforms) = preSolution
		Debug|Any CPU = Debug|Any CPU
		Release|Any CPU = Release|Any CPU
	EndGlobalSection
	GlobalSection(ProjectConfigurationPlatforms) = postSolution
		{27C23A57-2C63-4C51-A102-A20A7A4D2016}.Debug|Any CPU.ActiveCfg = Debug|Any CPU
		{27C23A57-2C63-4C51-A102-A20A7A4D2016}.Debug|Any CPU.Build.0 = Debug|Any CPU
		{27C23A57-2C63-4C51-A102-A20A7A4D2016}.Release|Any CPU.ActiveCfg = Release|Any CPU
		{27C23A57-2C63-4C51-A102-A20A7A4D2016}.Release|Any CPU.Build.0 = Release|Any CPU
	EndGlobalSection
	GlobalSection(NestedProjects) = preSolution
		{27C23A57-2C63-4C51-A102-A20A7A4D2016} = {FCC067FE-90F6-4E55-8169-7D6982B52A8A}
	EndGlobalSection
EndGlobal
