
Microsoft Visual Studio Solution File, Format Version 12.00
# Visual Studio 15
VisualStudioVersion = 15.0.27130.2020
MinimumVisualStudioVersion = 10.0.40219.1
Project("{2150E333-8FDC-42A3-9474-1A3956D46DE8}") = "src", "src", "{EB80C43D-DCA2-4433-8297-0EFBF7AE5CF5}"
EndProject
Project("{2150E333-8FDC-42A3-9474-1A3956D46DE8}") = "RunsOn", "RunsOn", "{8AE15513-6404-45CF-9470-428BC2549593}"
EndProject
Project("{2150E333-8FDC-42A3-9474-1A3956D46DE8}") = "Sinks", "Sinks", "{6B34D26B-352B-4EF7-87D6-F353B4CD6AB7}"
EndProject
Project("{2150E333-8FDC-42A3-9474-1A3956D46DE8}") = "tests", "tests", "{998D869B-FF04-4155-A6D6-23C2330C9C61}"
EndProject
Project("{9A19103F-16F7-4668-BE54-9A1E7A4F7556}") = "Cosmos.Logging", "src\Cosmos.Logging\Cosmos.Logging.csproj", "{F04437BF-D39F-4ACF-BCDB-AC6ADF5C87C3}"
EndProject
Project("{9A19103F-16F7-4668-BE54-9A1E7A4F7556}") = "Cosmos.Logging.RunsOn.Console", "src\Cosmos.Logging.RunsOn.Console\Cosmos.Logging.RunsOn.Console.csproj", "{7C120FAD-1B05-4BB1-99D3-8B34FCD4A110}"
EndProject
Project("{9A19103F-16F7-4668-BE54-9A1E7A4F7556}") = "Cosmos.Logging.RunsOn.AspNetCore", "src\Cosmos.Logging.RunsOn.AspNetCore\Cosmos.Logging.RunsOn.AspNetCore.csproj", "{94342275-20D7-4A5B-9FA9-D5566959F163}"
EndProject
Project("{FAE04EC0-301F-11D3-BF4B-00C04F79EFBC}") = "Cosmos.Logging.RunsOn.AspNet", "src\Cosmos.Logging.RunsOn.AspNet\Cosmos.Logging.RunsOn.AspNet.csproj", "{C81CD027-2C33-4EBC-BC61-6EB8CE0FCA84}"
EndProject
Project("{9A19103F-16F7-4668-BE54-9A1E7A4F7556}") = "Cosmos.Logging.Sinks.SampleLogSink", "src\Cosmos.Logging.Sinks.SampleLogSink\Cosmos.Logging.Sinks.SampleLogSink.csproj", "{C7370C02-38E5-44FD-9973-1EF68F901253}"
EndProject
Project("{9A19103F-16F7-4668-BE54-9A1E7A4F7556}") = "Cosmos.Logging.SampleSinkTests", "tests\Cosmos.Logging.SampleSinkTests\Cosmos.Logging.SampleSinkTests.csproj", "{593BD303-13CA-4BA5-8D40-90D9F58041FD}"
EndProject
Project("{FAE04EC0-301F-11D3-BF4B-00C04F79EFBC}") = "Cosmos.Logging.SampleSinkNfxTests", "tests\Cosmos.Logging.SampleSinkNfxTests\Cosmos.Logging.SampleSinkNfxTests.csproj", "{47158ACF-3B61-4168-8701-2DF26F4F3B10}"
EndProject
Project("{9A19103F-16F7-4668-BE54-9A1E7A4F7556}") = "Cosmos.Logging.Sinks.NLog", "src\Cosmos.Logging.Sinks.NLog\Cosmos.Logging.Sinks.NLog.csproj", "{A9BBC94D-2838-4AFD-8FC5-EF599064D341}"
EndProject
Project("{9A19103F-16F7-4668-BE54-9A1E7A4F7556}") = "Cosmos.Logging.Sinks.Log4Net", "src\Cosmos.Logging.Sinks.Log4Net\Cosmos.Logging.Sinks.Log4Net.csproj", "{B1019D80-C6F6-4242-8E32-28A1F5FDAEF3}"
EndProject
Project("{9A19103F-16F7-4668-BE54-9A1E7A4F7556}") = "Cosmos.Logging.NLogSinkTests", "tests\Cosmos.Logging.NLogSinkTests\Cosmos.Logging.NLogSinkTests.csproj", "{8DEA3B43-F75B-4910-BE7B-CECCE5E57130}"
EndProject
Project("{9A19103F-16F7-4668-BE54-9A1E7A4F7556}") = "Cosmos.Logging.CollaborativeTesting.NLogAndSampleLog", "tests\Cosmos.Logging.CollaborativeTesting.NLogAndSampleLog\Cosmos.Logging.CollaborativeTesting.NLogAndSampleLog.csproj", "{4047F741-E946-417F-A92A-358BEA518A72}"
EndProject
Project("{9A19103F-16F7-4668-BE54-9A1E7A4F7556}") = "Cosmos.Logging.Log4NetSinkTests", "tests\Cosmos.Logging.Log4NetSinkTests\Cosmos.Logging.Log4NetSinkTests.csproj", "{23E7B66A-405E-4ECE-AB62-0F8B979BC477}"
EndProject
Project("{9A19103F-16F7-4668-BE54-9A1E7A4F7556}") = "Cosmos.Logging.Sinks.Exceptionless", "src\Cosmos.Logging.Sinks.Exceptionless\Cosmos.Logging.Sinks.Exceptionless.csproj", "{6863EEF0-2630-43E5-B3A1-465F1900720E}"
EndProject
Project("{9A19103F-16F7-4668-BE54-9A1E7A4F7556}") = "Cosmos.Logging.ExceptionlessTests", "tests\Cosmos.Logging.ExceptionlessTests\Cosmos.Logging.ExceptionlessTests.csproj", "{C9F1AC97-786A-47BF-9141-2D72654B1440}"
EndProject
Project("{9A19103F-16F7-4668-BE54-9A1E7A4F7556}") = "Cosmos.Logging.SampleSink_AspNetCore", "tests\Cosmos.Logging.SampleSink_AspNetCore\Cosmos.Logging.SampleSink_AspNetCore.csproj", "{44140F1F-097B-4A7D-A249-AEFDB34F2064}"
EndProject
Project("{9A19103F-16F7-4668-BE54-9A1E7A4F7556}") = "Cosmos.Logging.MessageTemplateTokenTests", "tests\Cosmos.Logging.MessageTemplateTokenTests\Cosmos.Logging.MessageTemplateTokenTests.csproj", "{BCEC2921-F0A7-4286-8BC1-CE50D9D511E6}"
EndProject
Project("{9A19103F-16F7-4668-BE54-9A1E7A4F7556}") = "Cosmos.Logging.CollaborativeTesting.NLogAndExceptionless", "tests\Cosmos.Logging.CollaborativeTesting.NLogAndExceptionless\Cosmos.Logging.CollaborativeTesting.NLogAndExceptionless.csproj", "{2FD19EE9-4E97-4A92-962A-9143BCB95CDC}"
EndProject
Project("{9A19103F-16F7-4668-BE54-9A1E7A4F7556}") = "Cosmos.Logging.ConfigurationTests", "tests\Cosmos.Logging.ConfigurationTests\Cosmos.Logging.ConfigurationTests.csproj", "{B8A8625E-DEF5-4319-A063-4B0F96D00DF1}"
EndProject
Project("{2150E333-8FDC-42A3-9474-1A3956D46DE8}") = "Solution Items", "Solution Items", "{EE8F40AE-A39B-4495-AFC0-D3B81F4DED0B}"
	ProjectSection(SolutionItems) = preProject
		build\common.props = build\common.props
		build\version.props = build\version.props
	EndProjectSection
EndProject
Project("{FAE04EC0-301F-11D3-BF4B-00C04F79EFBC}") = "Cosmos.Logging.SampleSink_AspNetMvc", "tests\Cosmos.Logging.SampleSink_AspNetMvc\Cosmos.Logging.SampleSink_AspNetMvc.csproj", "{D799929C-FAEE-474B-985F-A26BD8202162}"
EndProject
Project("{9A19103F-16F7-4668-BE54-9A1E7A4F7556}") = "Cosmos.Logging.Sinks.EntityFrameworkCore", "src\Cosmos.Logging.Sinks.EntityFrameworkCore\Cosmos.Logging.Sinks.EntityFrameworkCore.csproj", "{E53B9599-BBEC-47A7-98FA-77BFD7E641A0}"
EndProject
Project("{FAE04EC0-301F-11D3-BF4B-00C04F79EFBC}") = "Cosmos.Logging.Sinks.SqlSugar", "src\Cosmos.Logging.Sinks.SqlSugar\Cosmos.Logging.Sinks.SqlSugar.csproj", "{179ED4EB-5EED-4E10-AB47-3D9F7B5468DC}"
EndProject
Project("{FAE04EC0-301F-11D3-BF4B-00C04F79EFBC}") = "Cosmos.Logging.SampleSinkNfx451Tests", "tests\Cosmos.Logging.SampleSinkNfx451Tests\Cosmos.Logging.SampleSinkNfx451Tests.csproj", "{66FD8397-77EB-4C75-ADB2-AFA497589836}"
EndProject
Project("{FAE04EC0-301F-11D3-BF4B-00C04F79EFBC}") = "Cosmos.Logging.Sinks.EntityFramework", "src\Cosmos.Logging.Sinks.EntityFramework\Cosmos.Logging.Sinks.EntityFramework.csproj", "{19B171D2-B9D0-4C6E-B7DD-E08333BE74F1}"
EndProject
Project("{FAE04EC0-301F-11D3-BF4B-00C04F79EFBC}") = "Cosmos.Logging.Sinks.MicrosoftExtensions", "src\Cosmos.Logging.Sinks.MicrosoftExtensions\Cosmos.Logging.Sinks.MicrosoftExtensions.csproj", "{717562D3-67B9-4330-8F3A-5147D6D9558C}"
EndProject
Project("{FAE04EC0-301F-11D3-BF4B-00C04F79EFBC}") = "Cosmos.Logging.Sinks.NHibernate", "src\Cosmos.Logging.Sinks.NHibernate\Cosmos.Logging.Sinks.NHibernate.csproj", "{BC5ECBC7-1754-4411-A0CF-F4FDDB13C9F0}"
EndProject
Global
	GlobalSection(SolutionConfigurationPlatforms) = preSolution
		Debug|Any CPU = Debug|Any CPU
		Release|Any CPU = Release|Any CPU
	EndGlobalSection
	GlobalSection(ProjectConfigurationPlatforms) = postSolution
		{F04437BF-D39F-4ACF-BCDB-AC6ADF5C87C3}.Debug|Any CPU.ActiveCfg = Debug|Any CPU
		{F04437BF-D39F-4ACF-BCDB-AC6ADF5C87C3}.Debug|Any CPU.Build.0 = Debug|Any CPU
		{F04437BF-D39F-4ACF-BCDB-AC6ADF5C87C3}.Release|Any CPU.ActiveCfg = Release|Any CPU
		{F04437BF-D39F-4ACF-BCDB-AC6ADF5C87C3}.Release|Any CPU.Build.0 = Release|Any CPU
		{7C120FAD-1B05-4BB1-99D3-8B34FCD4A110}.Debug|Any CPU.ActiveCfg = Debug|Any CPU
		{7C120FAD-1B05-4BB1-99D3-8B34FCD4A110}.Debug|Any CPU.Build.0 = Debug|Any CPU
		{7C120FAD-1B05-4BB1-99D3-8B34FCD4A110}.Release|Any CPU.ActiveCfg = Release|Any CPU
		{7C120FAD-1B05-4BB1-99D3-8B34FCD4A110}.Release|Any CPU.Build.0 = Release|Any CPU
		{94342275-20D7-4A5B-9FA9-D5566959F163}.Debug|Any CPU.ActiveCfg = Debug|Any CPU
		{94342275-20D7-4A5B-9FA9-D5566959F163}.Debug|Any CPU.Build.0 = Debug|Any CPU
		{94342275-20D7-4A5B-9FA9-D5566959F163}.Release|Any CPU.ActiveCfg = Release|Any CPU
		{94342275-20D7-4A5B-9FA9-D5566959F163}.Release|Any CPU.Build.0 = Release|Any CPU
		{C81CD027-2C33-4EBC-BC61-6EB8CE0FCA84}.Debug|Any CPU.ActiveCfg = Debug|Any CPU
		{C81CD027-2C33-4EBC-BC61-6EB8CE0FCA84}.Debug|Any CPU.Build.0 = Debug|Any CPU
		{C81CD027-2C33-4EBC-BC61-6EB8CE0FCA84}.Release|Any CPU.ActiveCfg = Release|Any CPU
		{C81CD027-2C33-4EBC-BC61-6EB8CE0FCA84}.Release|Any CPU.Build.0 = Release|Any CPU
		{C7370C02-38E5-44FD-9973-1EF68F901253}.Debug|Any CPU.ActiveCfg = Debug|Any CPU
		{C7370C02-38E5-44FD-9973-1EF68F901253}.Debug|Any CPU.Build.0 = Debug|Any CPU
		{C7370C02-38E5-44FD-9973-1EF68F901253}.Release|Any CPU.ActiveCfg = Release|Any CPU
		{C7370C02-38E5-44FD-9973-1EF68F901253}.Release|Any CPU.Build.0 = Release|Any CPU
		{593BD303-13CA-4BA5-8D40-90D9F58041FD}.Debug|Any CPU.ActiveCfg = Debug|Any CPU
		{593BD303-13CA-4BA5-8D40-90D9F58041FD}.Debug|Any CPU.Build.0 = Debug|Any CPU
		{593BD303-13CA-4BA5-8D40-90D9F58041FD}.Release|Any CPU.ActiveCfg = Release|Any CPU
		{593BD303-13CA-4BA5-8D40-90D9F58041FD}.Release|Any CPU.Build.0 = Release|Any CPU
		{47158ACF-3B61-4168-8701-2DF26F4F3B10}.Debug|Any CPU.ActiveCfg = Debug|Any CPU
		{47158ACF-3B61-4168-8701-2DF26F4F3B10}.Debug|Any CPU.Build.0 = Debug|Any CPU
		{47158ACF-3B61-4168-8701-2DF26F4F3B10}.Release|Any CPU.ActiveCfg = Release|Any CPU
		{47158ACF-3B61-4168-8701-2DF26F4F3B10}.Release|Any CPU.Build.0 = Release|Any CPU
		{A9BBC94D-2838-4AFD-8FC5-EF599064D341}.Debug|Any CPU.ActiveCfg = Debug|Any CPU
		{A9BBC94D-2838-4AFD-8FC5-EF599064D341}.Debug|Any CPU.Build.0 = Debug|Any CPU
		{A9BBC94D-2838-4AFD-8FC5-EF599064D341}.Release|Any CPU.ActiveCfg = Release|Any CPU
		{A9BBC94D-2838-4AFD-8FC5-EF599064D341}.Release|Any CPU.Build.0 = Release|Any CPU
		{B1019D80-C6F6-4242-8E32-28A1F5FDAEF3}.Debug|Any CPU.ActiveCfg = Debug|Any CPU
		{B1019D80-C6F6-4242-8E32-28A1F5FDAEF3}.Debug|Any CPU.Build.0 = Debug|Any CPU
		{B1019D80-C6F6-4242-8E32-28A1F5FDAEF3}.Release|Any CPU.ActiveCfg = Release|Any CPU
		{B1019D80-C6F6-4242-8E32-28A1F5FDAEF3}.Release|Any CPU.Build.0 = Release|Any CPU
		{8DEA3B43-F75B-4910-BE7B-CECCE5E57130}.Debug|Any CPU.ActiveCfg = Debug|Any CPU
		{8DEA3B43-F75B-4910-BE7B-CECCE5E57130}.Debug|Any CPU.Build.0 = Debug|Any CPU
		{8DEA3B43-F75B-4910-BE7B-CECCE5E57130}.Release|Any CPU.ActiveCfg = Release|Any CPU
		{8DEA3B43-F75B-4910-BE7B-CECCE5E57130}.Release|Any CPU.Build.0 = Release|Any CPU
		{4047F741-E946-417F-A92A-358BEA518A72}.Debug|Any CPU.ActiveCfg = Debug|Any CPU
		{4047F741-E946-417F-A92A-358BEA518A72}.Debug|Any CPU.Build.0 = Debug|Any CPU
		{4047F741-E946-417F-A92A-358BEA518A72}.Release|Any CPU.ActiveCfg = Release|Any CPU
		{4047F741-E946-417F-A92A-358BEA518A72}.Release|Any CPU.Build.0 = Release|Any CPU
		{23E7B66A-405E-4ECE-AB62-0F8B979BC477}.Debug|Any CPU.ActiveCfg = Debug|Any CPU
		{23E7B66A-405E-4ECE-AB62-0F8B979BC477}.Debug|Any CPU.Build.0 = Debug|Any CPU
		{23E7B66A-405E-4ECE-AB62-0F8B979BC477}.Release|Any CPU.ActiveCfg = Release|Any CPU
		{23E7B66A-405E-4ECE-AB62-0F8B979BC477}.Release|Any CPU.Build.0 = Release|Any CPU
		{6863EEF0-2630-43E5-B3A1-465F1900720E}.Debug|Any CPU.ActiveCfg = Debug|Any CPU
		{6863EEF0-2630-43E5-B3A1-465F1900720E}.Debug|Any CPU.Build.0 = Debug|Any CPU
		{6863EEF0-2630-43E5-B3A1-465F1900720E}.Release|Any CPU.ActiveCfg = Release|Any CPU
		{6863EEF0-2630-43E5-B3A1-465F1900720E}.Release|Any CPU.Build.0 = Release|Any CPU
		{C9F1AC97-786A-47BF-9141-2D72654B1440}.Debug|Any CPU.ActiveCfg = Debug|Any CPU
		{C9F1AC97-786A-47BF-9141-2D72654B1440}.Debug|Any CPU.Build.0 = Debug|Any CPU
		{C9F1AC97-786A-47BF-9141-2D72654B1440}.Release|Any CPU.ActiveCfg = Release|Any CPU
		{C9F1AC97-786A-47BF-9141-2D72654B1440}.Release|Any CPU.Build.0 = Release|Any CPU
		{44140F1F-097B-4A7D-A249-AEFDB34F2064}.Debug|Any CPU.ActiveCfg = Debug|Any CPU
		{44140F1F-097B-4A7D-A249-AEFDB34F2064}.Debug|Any CPU.Build.0 = Debug|Any CPU
		{44140F1F-097B-4A7D-A249-AEFDB34F2064}.Release|Any CPU.ActiveCfg = Release|Any CPU
		{44140F1F-097B-4A7D-A249-AEFDB34F2064}.Release|Any CPU.Build.0 = Release|Any CPU
		{BCEC2921-F0A7-4286-8BC1-CE50D9D511E6}.Debug|Any CPU.ActiveCfg = Debug|Any CPU
		{BCEC2921-F0A7-4286-8BC1-CE50D9D511E6}.Debug|Any CPU.Build.0 = Debug|Any CPU
		{BCEC2921-F0A7-4286-8BC1-CE50D9D511E6}.Release|Any CPU.ActiveCfg = Release|Any CPU
		{BCEC2921-F0A7-4286-8BC1-CE50D9D511E6}.Release|Any CPU.Build.0 = Release|Any CPU
		{2FD19EE9-4E97-4A92-962A-9143BCB95CDC}.Debug|Any CPU.ActiveCfg = Debug|Any CPU
		{2FD19EE9-4E97-4A92-962A-9143BCB95CDC}.Debug|Any CPU.Build.0 = Debug|Any CPU
		{2FD19EE9-4E97-4A92-962A-9143BCB95CDC}.Release|Any CPU.ActiveCfg = Release|Any CPU
		{2FD19EE9-4E97-4A92-962A-9143BCB95CDC}.Release|Any CPU.Build.0 = Release|Any CPU
		{B8A8625E-DEF5-4319-A063-4B0F96D00DF1}.Debug|Any CPU.ActiveCfg = Debug|Any CPU
		{B8A8625E-DEF5-4319-A063-4B0F96D00DF1}.Debug|Any CPU.Build.0 = Debug|Any CPU
		{B8A8625E-DEF5-4319-A063-4B0F96D00DF1}.Release|Any CPU.ActiveCfg = Release|Any CPU
		{B8A8625E-DEF5-4319-A063-4B0F96D00DF1}.Release|Any CPU.Build.0 = Release|Any CPU
		{D799929C-FAEE-474B-985F-A26BD8202162}.Debug|Any CPU.ActiveCfg = Debug|Any CPU
		{D799929C-FAEE-474B-985F-A26BD8202162}.Debug|Any CPU.Build.0 = Debug|Any CPU
		{D799929C-FAEE-474B-985F-A26BD8202162}.Release|Any CPU.ActiveCfg = Release|Any CPU
		{D799929C-FAEE-474B-985F-A26BD8202162}.Release|Any CPU.Build.0 = Release|Any CPU
		{E53B9599-BBEC-47A7-98FA-77BFD7E641A0}.Debug|Any CPU.ActiveCfg = Debug|Any CPU
		{E53B9599-BBEC-47A7-98FA-77BFD7E641A0}.Debug|Any CPU.Build.0 = Debug|Any CPU
		{E53B9599-BBEC-47A7-98FA-77BFD7E641A0}.Release|Any CPU.ActiveCfg = Release|Any CPU
		{E53B9599-BBEC-47A7-98FA-77BFD7E641A0}.Release|Any CPU.Build.0 = Release|Any CPU
		{179ED4EB-5EED-4E10-AB47-3D9F7B5468DC}.Debug|Any CPU.ActiveCfg = Debug|Any CPU
		{179ED4EB-5EED-4E10-AB47-3D9F7B5468DC}.Debug|Any CPU.Build.0 = Debug|Any CPU
		{179ED4EB-5EED-4E10-AB47-3D9F7B5468DC}.Release|Any CPU.ActiveCfg = Release|Any CPU
		{179ED4EB-5EED-4E10-AB47-3D9F7B5468DC}.Release|Any CPU.Build.0 = Release|Any CPU
		{66FD8397-77EB-4C75-ADB2-AFA497589836}.Debug|Any CPU.ActiveCfg = Debug|Any CPU
		{66FD8397-77EB-4C75-ADB2-AFA497589836}.Debug|Any CPU.Build.0 = Debug|Any CPU
		{66FD8397-77EB-4C75-ADB2-AFA497589836}.Release|Any CPU.ActiveCfg = Release|Any CPU
		{66FD8397-77EB-4C75-ADB2-AFA497589836}.Release|Any CPU.Build.0 = Release|Any CPU
		{19B171D2-B9D0-4C6E-B7DD-E08333BE74F1}.Debug|Any CPU.ActiveCfg = Debug|Any CPU
		{19B171D2-B9D0-4C6E-B7DD-E08333BE74F1}.Debug|Any CPU.Build.0 = Debug|Any CPU
		{19B171D2-B9D0-4C6E-B7DD-E08333BE74F1}.Release|Any CPU.ActiveCfg = Release|Any CPU
		{19B171D2-B9D0-4C6E-B7DD-E08333BE74F1}.Release|Any CPU.Build.0 = Release|Any CPU
		{717562D3-67B9-4330-8F3A-5147D6D9558C}.Debug|Any CPU.ActiveCfg = Debug|Any CPU
		{717562D3-67B9-4330-8F3A-5147D6D9558C}.Debug|Any CPU.Build.0 = Debug|Any CPU
		{717562D3-67B9-4330-8F3A-5147D6D9558C}.Release|Any CPU.ActiveCfg = Release|Any CPU
		{717562D3-67B9-4330-8F3A-5147D6D9558C}.Release|Any CPU.Build.0 = Release|Any CPU
		{BC5ECBC7-1754-4411-A0CF-F4FDDB13C9F0}.Debug|Any CPU.ActiveCfg = Debug|Any CPU
		{BC5ECBC7-1754-4411-A0CF-F4FDDB13C9F0}.Debug|Any CPU.Build.0 = Debug|Any CPU
		{BC5ECBC7-1754-4411-A0CF-F4FDDB13C9F0}.Release|Any CPU.ActiveCfg = Release|Any CPU
		{BC5ECBC7-1754-4411-A0CF-F4FDDB13C9F0}.Release|Any CPU.Build.0 = Release|Any CPU
	EndGlobalSection
	GlobalSection(SolutionProperties) = preSolution
		HideSolutionNode = FALSE
	EndGlobalSection
	GlobalSection(NestedProjects) = preSolution
		{8AE15513-6404-45CF-9470-428BC2549593} = {EB80C43D-DCA2-4433-8297-0EFBF7AE5CF5}
		{6B34D26B-352B-4EF7-87D6-F353B4CD6AB7} = {EB80C43D-DCA2-4433-8297-0EFBF7AE5CF5}
		{F04437BF-D39F-4ACF-BCDB-AC6ADF5C87C3} = {EB80C43D-DCA2-4433-8297-0EFBF7AE5CF5}
		{7C120FAD-1B05-4BB1-99D3-8B34FCD4A110} = {8AE15513-6404-45CF-9470-428BC2549593}
		{94342275-20D7-4A5B-9FA9-D5566959F163} = {8AE15513-6404-45CF-9470-428BC2549593}
		{C81CD027-2C33-4EBC-BC61-6EB8CE0FCA84} = {8AE15513-6404-45CF-9470-428BC2549593}
		{C7370C02-38E5-44FD-9973-1EF68F901253} = {6B34D26B-352B-4EF7-87D6-F353B4CD6AB7}
		{593BD303-13CA-4BA5-8D40-90D9F58041FD} = {998D869B-FF04-4155-A6D6-23C2330C9C61}
		{47158ACF-3B61-4168-8701-2DF26F4F3B10} = {998D869B-FF04-4155-A6D6-23C2330C9C61}
		{A9BBC94D-2838-4AFD-8FC5-EF599064D341} = {6B34D26B-352B-4EF7-87D6-F353B4CD6AB7}
		{B1019D80-C6F6-4242-8E32-28A1F5FDAEF3} = {6B34D26B-352B-4EF7-87D6-F353B4CD6AB7}
		{8DEA3B43-F75B-4910-BE7B-CECCE5E57130} = {998D869B-FF04-4155-A6D6-23C2330C9C61}
		{4047F741-E946-417F-A92A-358BEA518A72} = {998D869B-FF04-4155-A6D6-23C2330C9C61}
		{23E7B66A-405E-4ECE-AB62-0F8B979BC477} = {998D869B-FF04-4155-A6D6-23C2330C9C61}
		{6863EEF0-2630-43E5-B3A1-465F1900720E} = {6B34D26B-352B-4EF7-87D6-F353B4CD6AB7}
		{C9F1AC97-786A-47BF-9141-2D72654B1440} = {998D869B-FF04-4155-A6D6-23C2330C9C61}
		{44140F1F-097B-4A7D-A249-AEFDB34F2064} = {998D869B-FF04-4155-A6D6-23C2330C9C61}
		{BCEC2921-F0A7-4286-8BC1-CE50D9D511E6} = {998D869B-FF04-4155-A6D6-23C2330C9C61}
		{2FD19EE9-4E97-4A92-962A-9143BCB95CDC} = {998D869B-FF04-4155-A6D6-23C2330C9C61}
		{B8A8625E-DEF5-4319-A063-4B0F96D00DF1} = {998D869B-FF04-4155-A6D6-23C2330C9C61}
		{D799929C-FAEE-474B-985F-A26BD8202162} = {998D869B-FF04-4155-A6D6-23C2330C9C61}
		{66FD8397-77EB-4C75-ADB2-AFA497589836} = {998D869B-FF04-4155-A6D6-23C2330C9C61}
		{19B171D2-B9D0-4C6E-B7DD-E08333BE74F1} = {6B34D26B-352B-4EF7-87D6-F353B4CD6AB7}
		{E53B9599-BBEC-47A7-98FA-77BFD7E641A0} = {6B34D26B-352B-4EF7-87D6-F353B4CD6AB7}
		{179ED4EB-5EED-4E10-AB47-3D9F7B5468DC} = {6B34D26B-352B-4EF7-87D6-F353B4CD6AB7}
		{717562D3-67B9-4330-8F3A-5147D6D9558C} = {6B34D26B-352B-4EF7-87D6-F353B4CD6AB7}
		{BC5ECBC7-1754-4411-A0CF-F4FDDB13C9F0} = {6B34D26B-352B-4EF7-87D6-F353B4CD6AB7}
	EndGlobalSection
	GlobalSection(ExtensibilityGlobals) = postSolution
		SolutionGuid = {F7494AB0-4276-4102-B112-7BBE0329D263}
	EndGlobalSection
EndGlobal
