
Microsoft Visual Studio Solution File, Format Version 12.00
Project("{2150E333-8FDC-42A3-9474-1A3956D46DE8}") = "src", "src", "{433A7648-49A2-4200-BF02-B59998B987A3}"
EndProject
Project("{2150E333-8FDC-42A3-9474-1A3956D46DE8}") = "tests", "tests", "{3D96F661-F0F3-4CA9-9066-0B1A752584B1}"
EndProject
Project("{FAE04EC0-301F-11D3-BF4B-00C04F79EFBC}") = "Cosmos.I18N", "src\Cosmos.I18N\Cosmos.I18N.csproj", "{54C67520-66B6-42CE-BB24-AFF6D42A64BF}"
EndProject
Project("{2150E333-8FDC-42A3-9474-1A3956D46DE8}") = "RunsOn", "RunsOn", "{A045EDD7-7117-42DC-9373-5493CA6B509E}"
EndProject
Project("{FAE04EC0-301F-11D3-BF4B-00C04F79EFBC}") = "Cosmos.I18N.RunsOn.Console", "src\Cosmos.I18N.RunsOn.Console\Cosmos.I18N.RunsOn.Console.csproj", "{8B4D6951-0808-4B90-92FD-B24E1DF16AEC}"
EndProject
Project("{FAE04EC0-301F-11D3-BF4B-00C04F79EFBC}") = "Cosmos.I18N.RunsOn.AspNetCore", "src\Cosmos.I18N.RunsOn.AspNetCore\Cosmos.I18N.RunsOn.AspNetCore.csproj", "{912E8910-115C-4197-A7CB-69642B919638}"
EndProject
Project("{2150E333-8FDC-42A3-9474-1A3956D46DE8}") = "Language Basic Packages", "Language Basic Packages", "{D6214B41-403E-4392-9F3E-37FAE81784D7}"
EndProject
Project("{FAE04EC0-301F-11D3-BF4B-00C04F79EFBC}") = "Cosmos.I18N.LanguagePackages.zh_CN", "src\Cosmos.I18N.LanguagePackages.zh_CN\Cosmos.I18N.LanguagePackages.zh_CN.csproj", "{3E2EA5E4-F969-451B-A5C8-83B75E3DA36B}"
EndProject
Project("{FAE04EC0-301F-11D3-BF4B-00C04F79EFBC}") = "Cosmos.I18N.LanguagePackages.zh_HK", "src\Cosmos.I18N.LanguagePackages.zh_HK\Cosmos.I18N.LanguagePackages.zh_HK.csproj", "{FC6C20E7-A221-4A6C-B2AF-AA3B51399628}"
EndProject
Project("{FAE04EC0-301F-11D3-BF4B-00C04F79EFBC}") = "Cosmos.I18N.LanguagePackages.zh_TW", "src\Cosmos.I18N.LanguagePackages.zh_TW\Cosmos.I18N.LanguagePackages.zh_TW.csproj", "{2909A72A-6BDE-4683-A5E8-0846580DBD18}"
EndProject
Project("{FAE04EC0-301F-11D3-BF4B-00C04F79EFBC}") = "Cosmos.I18N.LanguagePackages.en_US", "src\Cosmos.I18N.LanguagePackages.en_US\Cosmos.I18N.LanguagePackages.en_US.csproj", "{0F05457F-B44B-4056-ADC5-746FB55B6950}"
EndProject
Project("{FAE04EC0-301F-11D3-BF4B-00C04F79EFBC}") = "Cosmos.I18N.Tests.ConsoleTest", "tests\Cosmos.I18N.Tests.ConsoleTest\Cosmos.I18N.Tests.ConsoleTest.csproj", "{4C3CC2C6-78D7-4805-BBD3-9A84CAD65D72}"
EndProject
Project("{2150E333-8FDC-42A3-9474-1A3956D46DE8}") = "Adapters", "Adapters", "{C0CF1732-E917-4FC6-8CDD-6E972DE0B04F}"
EndProject
Project("{FAE04EC0-301F-11D3-BF4B-00C04F79EFBC}") = "Cosmos.I18N.Adapters.Json", "src\Cosmos.I18N.Adapters.Json\Cosmos.I18N.Adapters.Json.csproj", "{E7E38CE1-6432-41DB-A5A4-533D2DCDFF47}"
EndProject
Project("{FAE04EC0-301F-11D3-BF4B-00C04F79EFBC}") = "Cosmos.I18N.Adapters.Xml", "src\Cosmos.I18N.Adapters.Xml\Cosmos.I18N.Adapters.Xml.csproj", "{C6691467-CEBB-4B7A-9074-68CEDA0DA44B}"
EndProject
Global
	GlobalSection(SolutionConfigurationPlatforms) = preSolution
		Debug|Any CPU = Debug|Any CPU
		Release|Any CPU = Release|Any CPU
	EndGlobalSection
	GlobalSection(NestedProjects) = preSolution
		{54C67520-66B6-42CE-BB24-AFF6D42A64BF} = {433A7648-49A2-4200-BF02-B59998B987A3}
		{A045EDD7-7117-42DC-9373-5493CA6B509E} = {433A7648-49A2-4200-BF02-B59998B987A3}
		{8B4D6951-0808-4B90-92FD-B24E1DF16AEC} = {A045EDD7-7117-42DC-9373-5493CA6B509E}
		{912E8910-115C-4197-A7CB-69642B919638} = {A045EDD7-7117-42DC-9373-5493CA6B509E}
		{D6214B41-403E-4392-9F3E-37FAE81784D7} = {433A7648-49A2-4200-BF02-B59998B987A3}
		{3E2EA5E4-F969-451B-A5C8-83B75E3DA36B} = {D6214B41-403E-4392-9F3E-37FAE81784D7}
		{FC6C20E7-A221-4A6C-B2AF-AA3B51399628} = {D6214B41-403E-4392-9F3E-37FAE81784D7}
		{2909A72A-6BDE-4683-A5E8-0846580DBD18} = {D6214B41-403E-4392-9F3E-37FAE81784D7}
		{0F05457F-B44B-4056-ADC5-746FB55B6950} = {D6214B41-403E-4392-9F3E-37FAE81784D7}
		{4C3CC2C6-78D7-4805-BBD3-9A84CAD65D72} = {3D96F661-F0F3-4CA9-9066-0B1A752584B1}
		{C0CF1732-E917-4FC6-8CDD-6E972DE0B04F} = {433A7648-49A2-4200-BF02-B59998B987A3}
		{E7E38CE1-6432-41DB-A5A4-533D2DCDFF47} = {C0CF1732-E917-4FC6-8CDD-6E972DE0B04F}
		{C6691467-CEBB-4B7A-9074-68CEDA0DA44B} = {C0CF1732-E917-4FC6-8CDD-6E972DE0B04F}
	EndGlobalSection
	GlobalSection(ProjectConfigurationPlatforms) = postSolution
		{54C67520-66B6-42CE-BB24-AFF6D42A64BF}.Debug|Any CPU.ActiveCfg = Debug|Any CPU
		{54C67520-66B6-42CE-BB24-AFF6D42A64BF}.Debug|Any CPU.Build.0 = Debug|Any CPU
		{54C67520-66B6-42CE-BB24-AFF6D42A64BF}.Release|Any CPU.ActiveCfg = Release|Any CPU
		{54C67520-66B6-42CE-BB24-AFF6D42A64BF}.Release|Any CPU.Build.0 = Release|Any CPU
		{8B4D6951-0808-4B90-92FD-B24E1DF16AEC}.Debug|Any CPU.ActiveCfg = Debug|Any CPU
		{8B4D6951-0808-4B90-92FD-B24E1DF16AEC}.Debug|Any CPU.Build.0 = Debug|Any CPU
		{8B4D6951-0808-4B90-92FD-B24E1DF16AEC}.Release|Any CPU.ActiveCfg = Release|Any CPU
		{8B4D6951-0808-4B90-92FD-B24E1DF16AEC}.Release|Any CPU.Build.0 = Release|Any CPU
		{912E8910-115C-4197-A7CB-69642B919638}.Debug|Any CPU.ActiveCfg = Debug|Any CPU
		{912E8910-115C-4197-A7CB-69642B919638}.Debug|Any CPU.Build.0 = Debug|Any CPU
		{912E8910-115C-4197-A7CB-69642B919638}.Release|Any CPU.ActiveCfg = Release|Any CPU
		{912E8910-115C-4197-A7CB-69642B919638}.Release|Any CPU.Build.0 = Release|Any CPU
		{3E2EA5E4-F969-451B-A5C8-83B75E3DA36B}.Debug|Any CPU.ActiveCfg = Debug|Any CPU
		{3E2EA5E4-F969-451B-A5C8-83B75E3DA36B}.Debug|Any CPU.Build.0 = Debug|Any CPU
		{3E2EA5E4-F969-451B-A5C8-83B75E3DA36B}.Release|Any CPU.ActiveCfg = Release|Any CPU
		{3E2EA5E4-F969-451B-A5C8-83B75E3DA36B}.Release|Any CPU.Build.0 = Release|Any CPU
		{FC6C20E7-A221-4A6C-B2AF-AA3B51399628}.Debug|Any CPU.ActiveCfg = Debug|Any CPU
		{FC6C20E7-A221-4A6C-B2AF-AA3B51399628}.Debug|Any CPU.Build.0 = Debug|Any CPU
		{FC6C20E7-A221-4A6C-B2AF-AA3B51399628}.Release|Any CPU.ActiveCfg = Release|Any CPU
		{FC6C20E7-A221-4A6C-B2AF-AA3B51399628}.Release|Any CPU.Build.0 = Release|Any CPU
		{2909A72A-6BDE-4683-A5E8-0846580DBD18}.Debug|Any CPU.ActiveCfg = Debug|Any CPU
		{2909A72A-6BDE-4683-A5E8-0846580DBD18}.Debug|Any CPU.Build.0 = Debug|Any CPU
		{2909A72A-6BDE-4683-A5E8-0846580DBD18}.Release|Any CPU.ActiveCfg = Release|Any CPU
		{2909A72A-6BDE-4683-A5E8-0846580DBD18}.Release|Any CPU.Build.0 = Release|Any CPU
		{0F05457F-B44B-4056-ADC5-746FB55B6950}.Debug|Any CPU.ActiveCfg = Debug|Any CPU
		{0F05457F-B44B-4056-ADC5-746FB55B6950}.Debug|Any CPU.Build.0 = Debug|Any CPU
		{0F05457F-B44B-4056-ADC5-746FB55B6950}.Release|Any CPU.ActiveCfg = Release|Any CPU
		{0F05457F-B44B-4056-ADC5-746FB55B6950}.Release|Any CPU.Build.0 = Release|Any CPU
		{4C3CC2C6-78D7-4805-BBD3-9A84CAD65D72}.Debug|Any CPU.ActiveCfg = Debug|Any CPU
		{4C3CC2C6-78D7-4805-BBD3-9A84CAD65D72}.Debug|Any CPU.Build.0 = Debug|Any CPU
		{4C3CC2C6-78D7-4805-BBD3-9A84CAD65D72}.Release|Any CPU.ActiveCfg = Release|Any CPU
		{4C3CC2C6-78D7-4805-BBD3-9A84CAD65D72}.Release|Any CPU.Build.0 = Release|Any CPU
		{E7E38CE1-6432-41DB-A5A4-533D2DCDFF47}.Debug|Any CPU.ActiveCfg = Debug|Any CPU
		{E7E38CE1-6432-41DB-A5A4-533D2DCDFF47}.Debug|Any CPU.Build.0 = Debug|Any CPU
		{E7E38CE1-6432-41DB-A5A4-533D2DCDFF47}.Release|Any CPU.ActiveCfg = Release|Any CPU
		{E7E38CE1-6432-41DB-A5A4-533D2DCDFF47}.Release|Any CPU.Build.0 = Release|Any CPU
		{C6691467-CEBB-4B7A-9074-68CEDA0DA44B}.Debug|Any CPU.ActiveCfg = Debug|Any CPU
		{C6691467-CEBB-4B7A-9074-68CEDA0DA44B}.Debug|Any CPU.Build.0 = Debug|Any CPU
		{C6691467-CEBB-4B7A-9074-68CEDA0DA44B}.Release|Any CPU.ActiveCfg = Release|Any CPU
		{C6691467-CEBB-4B7A-9074-68CEDA0DA44B}.Release|Any CPU.Build.0 = Release|Any CPU
	EndGlobalSection
EndGlobal
