
Microsoft Visual Studio Solution File, Format Version 12.00
Project("{2150E333-8FDC-42A3-9474-1A3956D46DE8}") = "src", "src", "{6DA68F8F-37B2-4D37-A7A4-AEEE8D508AC8}"
EndProject
Project("{FAE04EC0-301F-11D3-BF4B-00C04F79EFBC}") = "Cosmos.Data", "src\Cosmos.Data\Cosmos.Data.csproj", "{D939E47E-271D-4C67-A409-885AC67FD16B}"
EndProject
Project("{FAE04EC0-301F-11D3-BF4B-00C04F79EFBC}") = "Cosmos.Data.Dapper", "src\Cosmos.Data.Dapper\Cosmos.Data.Dapper.csproj", "{C33FE832-35EA-4B81-9943-9CB360C6D863}"
EndProject
Project("{FAE04EC0-301F-11D3-BF4B-00C04F79EFBC}") = "Cosmos.Data.EntityFrameworkCore", "src\Cosmos.Data.EntityFrameworkCore\Cosmos.Data.EntityFrameworkCore.csproj", "{7F565CEC-85C9-474A-9C2C-CF7316F8CAF7}"
EndProject
Global
	GlobalSection(SolutionConfigurationPlatforms) = preSolution
		Debug|Any CPU = Debug|Any CPU
		Release|Any CPU = Release|Any CPU
	EndGlobalSection
	GlobalSection(NestedProjects) = preSolution
		{D939E47E-271D-4C67-A409-885AC67FD16B} = {6DA68F8F-37B2-4D37-A7A4-AEEE8D508AC8}
		{C33FE832-35EA-4B81-9943-9CB360C6D863} = {6DA68F8F-37B2-4D37-A7A4-AEEE8D508AC8}
		{7F565CEC-85C9-474A-9C2C-CF7316F8CAF7} = {6DA68F8F-37B2-4D37-A7A4-AEEE8D508AC8}
	EndGlobalSection
	GlobalSection(ProjectConfigurationPlatforms) = postSolution
		{D939E47E-271D-4C67-A409-885AC67FD16B}.Debug|Any CPU.ActiveCfg = Debug|Any CPU
		{D939E47E-271D-4C67-A409-885AC67FD16B}.Debug|Any CPU.Build.0 = Debug|Any CPU
		{D939E47E-271D-4C67-A409-885AC67FD16B}.Release|Any CPU.ActiveCfg = Release|Any CPU
		{D939E47E-271D-4C67-A409-885AC67FD16B}.Release|Any CPU.Build.0 = Release|Any CPU
		{C33FE832-35EA-4B81-9943-9CB360C6D863}.Debug|Any CPU.ActiveCfg = Debug|Any CPU
		{C33FE832-35EA-4B81-9943-9CB360C6D863}.Debug|Any CPU.Build.0 = Debug|Any CPU
		{C33FE832-35EA-4B81-9943-9CB360C6D863}.Release|Any CPU.ActiveCfg = Release|Any CPU
		{C33FE832-35EA-4B81-9943-9CB360C6D863}.Release|Any CPU.Build.0 = Release|Any CPU
		{7F565CEC-85C9-474A-9C2C-CF7316F8CAF7}.Debug|Any CPU.ActiveCfg = Debug|Any CPU
		{7F565CEC-85C9-474A-9C2C-CF7316F8CAF7}.Debug|Any CPU.Build.0 = Debug|Any CPU
		{7F565CEC-85C9-474A-9C2C-CF7316F8CAF7}.Release|Any CPU.ActiveCfg = Release|Any CPU
		{7F565CEC-85C9-474A-9C2C-CF7316F8CAF7}.Release|Any CPU.Build.0 = Release|Any CPU
	EndGlobalSection
EndGlobal
